
Microsoft Visual Studio Solution File, Format Version 12.00
# Visual Studio 15
VisualStudioVersion = 15.0.27428.2005
MinimumVisualStudioVersion = 10.0.40219.1
Project("{FAE04EC0-301F-11D3-BF4B-00C04F79EFBC}") = "Services.Rest.Docker.Server", "Services.Rest.Docker.Server\Services.Rest.Docker.Server.csproj", "{C71E0CCD-FA81-4790-8D71-D085FEF9B74C}"
EndProject
Project("{FAE04EC0-301F-11D3-BF4B-00C04F79EFBC}") = "Services.Rest.Docker.Client", "Services.Rest.Docker.Client\Services.Rest.Docker.Client.csproj", "{8BFEA41E-BC3F-4D21-95C1-C7BB3BD36AC2}"
EndProject
Global
	GlobalSection(SolutionConfigurationPlatforms) = preSolution
		Debug|Any CPU = Debug|Any CPU
		Release|Any CPU = Release|Any CPU
	EndGlobalSection
	GlobalSection(ProjectConfigurationPlatforms) = postSolution
		{C71E0CCD-FA81-4790-8D71-D085FEF9B74C}.Debug|Any CPU.ActiveCfg = Debug|Any CPU
		{C71E0CCD-FA81-4790-8D71-D085FEF9B74C}.Debug|Any CPU.Build.0 = Debug|Any CPU
		{C71E0CCD-FA81-4790-8D71-D085FEF9B74C}.Release|Any CPU.ActiveCfg = Release|Any CPU
		{C71E0CCD-FA81-4790-8D71-D085FEF9B74C}.Release|Any CPU.Build.0 = Release|Any CPU
		{8BFEA41E-BC3F-4D21-95C1-C7BB3BD36AC2}.Debug|Any CPU.ActiveCfg = Debug|Any CPU
		{8BFEA41E-BC3F-4D21-95C1-C7BB3BD36AC2}.Debug|Any CPU.Build.0 = Debug|Any CPU
		{8BFEA41E-BC3F-4D21-95C1-C7BB3BD36AC2}.Release|Any CPU.ActiveCfg = Release|Any CPU
		{8BFEA41E-BC3F-4D21-95C1-C7BB3BD36AC2}.Release|Any CPU.Build.0 = Release|Any CPU
	EndGlobalSection
	GlobalSection(SolutionProperties) = preSolution
		HideSolutionNode = FALSE
	EndGlobalSection
	GlobalSection(ExtensibilityGlobals) = postSolution
		SolutionGuid = {D593E61F-2EF7-4F27-A2FC-6A579239215D}
	EndGlobalSection
EndGlobal
